config:
  randomMember:
    keyWords: null
  BlivePush:
    mins: null
    isGroup: null
    isPrivate: null
  switchBot:
    openReg: null
    closeReg: null
  randomWife:
    del:
      isM: false
      isA: true
      isGA: true
      isE: false
  bigjpg:
    apiKey: null
GAconfig:
  recall:
    FILTER_MAX: null
  kick:
    isAutoGlobalBlack: null
